{
  "name": "cw",
  "version": "1.0.0",
  "lockfileVersion": 2,
  "requires": true,
  "packages": {
    "": {
      "name": "cw",
      "version": "1.0.0",
      "license": "ISC",
      "dependencies": {
        "ky": "^0.33.0"
      }
    },
    "node_modules/ky": {
      "version": "0.33.0",
      "resolved": "https://registry.npmjs.org/ky/-/ky-0.33.0.tgz",
      "integrity": "sha512-peKzuOlN/q3Q3jOgi4t0cp6DOgif5rVnmiSIsjsmkiOcdnSjkrKSUqQmRWYCTqjUtR9b3xQQr8aj7KwSW1r49A==",
      "engines": {
        "node": ">=14.16"
      },
      "funding": {
        "url": "https://github.com/sindresorhus/ky?sponsor=1"
      }
    }
  },
  "dependencies": {
    "ky": {
      "version": "0.33.0",
      "resolved": "https://registry.npmjs.org/ky/-/ky-0.33.0.tgz",
      "integrity": "sha512-peKzuOlN/q3Q3jOgi4t0cp6DOgif5rVnmiSIsjsmkiOcdnSjkrKSUqQmRWYCTqjUtR9b3xQQr8aj7KwSW1r49A=="
    }
  }
}
